
Microsoft Visual Studio Solution File, Format Version 12.00
# Visual Studio 2013
VisualStudioVersion = 12.0.31101.0
MinimumVisualStudioVersion = 10.0.40219.1
Project("{FAE04EC0-301F-11D3-BF4B-00C04F79EFBC}") = "KPax", "KPax\KPax.csproj", "{5D348540-417C-422C-AB87-82E1BB31FEAB}"
EndProject
Project("{FAE04EC0-301F-11D3-BF4B-00C04F79EFBC}") = "KPax.Tests", "KPax.Tests\KPax.Tests.csproj", "{5DF5F6F0-BB27-4BC2-A108-8F52F8E9D7B8}"
EndProject
Global
	GlobalSection(SolutionConfigurationPlatforms) = preSolution
		Debug|Any CPU = Debug|Any CPU
		Release|Any CPU = Release|Any CPU
	EndGlobalSection
	GlobalSection(ProjectConfigurationPlatforms) = postSolution
		{5D348540-417C-422C-AB87-82E1BB31FEAB}.Debug|Any CPU.ActiveCfg = Debug|Any CPU
		{5D348540-417C-422C-AB87-82E1BB31FEAB}.Debug|Any CPU.Build.0 = Debug|Any CPU
		{5D348540-417C-422C-AB87-82E1BB31FEAB}.Release|Any CPU.ActiveCfg = Release|Any CPU
		{5D348540-417C-422C-AB87-82E1BB31FEAB}.Release|Any CPU.Build.0 = Release|Any CPU
		{5DF5F6F0-BB27-4BC2-A108-8F52F8E9D7B8}.Debug|Any CPU.ActiveCfg = Debug|Any CPU
		{5DF5F6F0-BB27-4BC2-A108-8F52F8E9D7B8}.Debug|Any CPU.Build.0 = Debug|Any CPU
		{5DF5F6F0-BB27-4BC2-A108-8F52F8E9D7B8}.Release|Any CPU.ActiveCfg = Release|Any CPU
		{5DF5F6F0-BB27-4BC2-A108-8F52F8E9D7B8}.Release|Any CPU.Build.0 = Release|Any CPU
	EndGlobalSection
	GlobalSection(SolutionProperties) = preSolution
		HideSolutionNode = FALSE
	EndGlobalSection
EndGlobal
